
Microsoft Visual Studio Solution File, Format Version 12.00
# Visual Studio Version 17
VisualStudioVersion = 17.9.34728.123
MinimumVisualStudioVersion = 10.0.40219.1
Project("{FAE04EC0-301F-11D3-BF4B-00C04F79EFBC}") = "API", "API\API.csproj", "{8AC0751D-90EB-43E9-A76C-29CB2BD70343}"
EndProject
Project("{FAE04EC0-301F-11D3-BF4B-00C04F79EFBC}") = "Domain", "Domain\Domain.csproj", "{2B4CDE2D-CB66-4904-83CC-623A8C802BCC}"
EndProject
Project("{FAE04EC0-301F-11D3-BF4B-00C04F79EFBC}") = "Application", "Application\Application.csproj", "{4D09F9C9-1A3B-4216-BDB7-A876ED39832B}"
EndProject
Project("{FAE04EC0-301F-11D3-BF4B-00C04F79EFBC}") = "Infra", "Infra\Infra.csproj", "{7B66046E-11AA-4484-9336-4C6E113FF689}"
EndProject
Project("{FAE04EC0-301F-11D3-BF4B-00C04F79EFBC}") = "Services", "Services\Services.csproj", "{E05D6664-C73B-4DF7-9A84-DBD94080FA3C}"
EndProject
Global
	GlobalSection(SolutionConfigurationPlatforms) = preSolution
		Debug|Any CPU = Debug|Any CPU
		Release|Any CPU = Release|Any CPU
	EndGlobalSection
	GlobalSection(ProjectConfigurationPlatforms) = postSolution
		{8AC0751D-90EB-43E9-A76C-29CB2BD70343}.Debug|Any CPU.ActiveCfg = Debug|Any CPU
		{8AC0751D-90EB-43E9-A76C-29CB2BD70343}.Debug|Any CPU.Build.0 = Debug|Any CPU
		{8AC0751D-90EB-43E9-A76C-29CB2BD70343}.Release|Any CPU.ActiveCfg = Release|Any CPU
		{8AC0751D-90EB-43E9-A76C-29CB2BD70343}.Release|Any CPU.Build.0 = Release|Any CPU
		{2B4CDE2D-CB66-4904-83CC-623A8C802BCC}.Debug|Any CPU.ActiveCfg = Debug|Any CPU
		{2B4CDE2D-CB66-4904-83CC-623A8C802BCC}.Debug|Any CPU.Build.0 = Debug|Any CPU
		{2B4CDE2D-CB66-4904-83CC-623A8C802BCC}.Release|Any CPU.ActiveCfg = Release|Any CPU
		{2B4CDE2D-CB66-4904-83CC-623A8C802BCC}.Release|Any CPU.Build.0 = Release|Any CPU
		{4D09F9C9-1A3B-4216-BDB7-A876ED39832B}.Debug|Any CPU.ActiveCfg = Debug|Any CPU
		{4D09F9C9-1A3B-4216-BDB7-A876ED39832B}.Debug|Any CPU.Build.0 = Debug|Any CPU
		{4D09F9C9-1A3B-4216-BDB7-A876ED39832B}.Release|Any CPU.ActiveCfg = Release|Any CPU
		{4D09F9C9-1A3B-4216-BDB7-A876ED39832B}.Release|Any CPU.Build.0 = Release|Any CPU
		{7B66046E-11AA-4484-9336-4C6E113FF689}.Debug|Any CPU.ActiveCfg = Debug|Any CPU
		{7B66046E-11AA-4484-9336-4C6E113FF689}.Debug|Any CPU.Build.0 = Debug|Any CPU
		{7B66046E-11AA-4484-9336-4C6E113FF689}.Release|Any CPU.ActiveCfg = Release|Any CPU
		{7B66046E-11AA-4484-9336-4C6E113FF689}.Release|Any CPU.Build.0 = Release|Any CPU
		{E05D6664-C73B-4DF7-9A84-DBD94080FA3C}.Debug|Any CPU.ActiveCfg = Debug|Any CPU
		{E05D6664-C73B-4DF7-9A84-DBD94080FA3C}.Debug|Any CPU.Build.0 = Debug|Any CPU
		{E05D6664-C73B-4DF7-9A84-DBD94080FA3C}.Release|Any CPU.ActiveCfg = Release|Any CPU
		{E05D6664-C73B-4DF7-9A84-DBD94080FA3C}.Release|Any CPU.Build.0 = Release|Any CPU
	EndGlobalSection
	GlobalSection(SolutionProperties) = preSolution
		HideSolutionNode = FALSE
	EndGlobalSection
	GlobalSection(ExtensibilityGlobals) = postSolution
		SolutionGuid = {E1B5155C-AD4D-42EE-A53A-B60537F73E99}
	EndGlobalSection
EndGlobal
